
Microsoft Visual Studio Solution File, Format Version 12.00
# Visual Studio 2017
Project("{FAE04EC0-301F-11D3-BF4B-00C04F79EFBC}") = "CCXP18.Plugins", "CCXP18.Plugins.csproj", "{F0CC709B-C802-3908-39B8-850C5C372361}"
EndProject
Project("{FAE04EC0-301F-11D3-BF4B-00C04F79EFBC}") = "CCXP18", "CCXP18.csproj", "{8EEC1F36-BD71-D8A2-1208-FF9B1B43FAD4}"
EndProject
Project("{FAE04EC0-301F-11D3-BF4B-00C04F79EFBC}") = "CCXP18.Editor.Plugins", "CCXP18.Editor.Plugins.csproj", "{B4629372-8644-A383-26CA-15DD40D25D45}"
EndProject
Global
	GlobalSection(SolutionConfigurationPlatforms) = preSolution
		Debug|Any CPU = Debug|Any CPU
		Release|Any CPU = Release|Any CPU
	EndGlobalSection
	GlobalSection(ProjectConfigurationPlatforms) = postSolution
		{F0CC709B-C802-3908-39B8-850C5C372361}.Debug|Any CPU.ActiveCfg = Debug|Any CPU
		{F0CC709B-C802-3908-39B8-850C5C372361}.Debug|Any CPU.Build.0 = Debug|Any CPU
		{F0CC709B-C802-3908-39B8-850C5C372361}.Release|Any CPU.ActiveCfg = Release|Any CPU
		{F0CC709B-C802-3908-39B8-850C5C372361}.Release|Any CPU.Build.0 = Release|Any CPU
		{8EEC1F36-BD71-D8A2-1208-FF9B1B43FAD4}.Debug|Any CPU.ActiveCfg = Debug|Any CPU
		{8EEC1F36-BD71-D8A2-1208-FF9B1B43FAD4}.Debug|Any CPU.Build.0 = Debug|Any CPU
		{8EEC1F36-BD71-D8A2-1208-FF9B1B43FAD4}.Release|Any CPU.ActiveCfg = Release|Any CPU
		{8EEC1F36-BD71-D8A2-1208-FF9B1B43FAD4}.Release|Any CPU.Build.0 = Release|Any CPU
		{B4629372-8644-A383-26CA-15DD40D25D45}.Debug|Any CPU.ActiveCfg = Debug|Any CPU
		{B4629372-8644-A383-26CA-15DD40D25D45}.Debug|Any CPU.Build.0 = Debug|Any CPU
		{B4629372-8644-A383-26CA-15DD40D25D45}.Release|Any CPU.ActiveCfg = Release|Any CPU
		{B4629372-8644-A383-26CA-15DD40D25D45}.Release|Any CPU.Build.0 = Release|Any CPU
	EndGlobalSection
	GlobalSection(SolutionProperties) = preSolution
		HideSolutionNode = FALSE
	EndGlobalSection
EndGlobal
